PODS:
  - Alamofire (4.5.0)
  - Cartography (1.1.0)
  - SWXMLHash (4.0.0)

DEPENDENCIES:
  - Alamofire (~> 4.5)
  - Cartography
  - SWXMLHash (~> 4.0.0)

SPEC CHECKSUMS:
  Alamofire: f28cdffd29de33a7bfa022cbd63ae95a27fae140
  Cartography: 0538ccb4044acbbda2266335fc58cb4228794d90
  SWXMLHash: 6bbc0bf72975a18ceda469fb7d6a886a26d81694

PODFILE CHECKSUM: 69a89d2ba0c3d3c185de84a191814afd1962420e

COCOAPODS: 1.2.1
